<?xml version="1.0" encoding="utf-8"?>
<Project ToolsVersion="4.0" xmlns="http://schemas.microsoft.com/developer/msbuild/2003">
  <ItemGroup>
    <Filter Include="ソース ファイル">
      <UniqueIdentifier>{4FC737F1-C7A5-4376-A066-2A32D752A2FF}</UniqueIdentifier>
      <Extensions>cpp;c;cc;cxx;c++;cppm;ixx;def;odl;idl;hpj;bat;asm;asmx</Extensions>
    </Filter>
    <Filter Include="ヘッダー ファイル">
      <UniqueIdentifier>{93995380-89BD-4b04-88EB-625FBE52EBFB}</UniqueIdentifier>
      <Extensions>h;hh;hpp;hxx;h++;hm;inl;inc;ipp;xsd</Extensions>
    </Filter>
    <Filter Include="リソース ファイル">
      <UniqueIdentifier>{67DA6AB6-F800-4c08-8B7A-83BB121AAD01}</UniqueIdentifier>
      <Extensions>rc;ico;cur;bmp;dlg;rc2;rct;bin;rgs;gif;jpg;jpeg;jpe;resx;tiff;tif;png;wav;mfcribbon-ms</Extensions>
    </Filter>
  </ItemGroup>
  <ItemGroup>
    <ClCompile Include="main.c">
      <Filter>ソース ファイル</Filter>
    </ClCompile>
    <ClCompile Include="..\tinet\tinet\netinet6\ip6_input.c">
      <Filter>ソース ファイル</Filter>
    </ClCompile>
    <ClCompile Include="..\tinet\tinet\netinet6\ip6_output.c">
      <Filter>ソース ファイル</Filter>
    </ClCompile>
    <ClCompile Include="..\tinet\tinet\netinet6\nd6.c">
      <Filter>ソース ファイル</Filter>
    </ClCompile>
    <ClCompile Include="..\tinet\tinet\netinet6\nd6_nbr.c">
      <Filter>ソース ファイル</Filter>
    </ClCompile>
    <ClCompile Include="..\tinet\tinet\netinet6\nd6_rtr.c">
      <Filter>ソース ファイル</Filter>
    </ClCompile>
    <ClCompile Include="..\tinet\tinet\netinet6\route6.c">
      <Filter>ソース ファイル</Filter>
    </ClCompile>
    <ClCompile Include="..\tinet\tinet\netinet6\scope6.c">
      <Filter>ソース ファイル</Filter>
    </ClCompile>
    <ClCompile Include="..\tinet\tinet\netinet6\udp6_input.c">
      <Filter>ソース ファイル</Filter>
    </ClCompile>
    <ClCompile Include="..\tinet\tinet\netinet6\udp6_subr.c">
      <Filter>ソース ファイル</Filter>
    </ClCompile>
    <ClCompile Include="..\tinet\tinet\netinet6\ah_input.c">
      <Filter>ソース ファイル</Filter>
    </ClCompile>
    <ClCompile Include="..\tinet\tinet\netinet6\dest6.c">
      <Filter>ソース ファイル</Filter>
    </ClCompile>
    <ClCompile Include="..\tinet\tinet\netinet6\esp_input.c">
      <Filter>ソース ファイル</Filter>
    </ClCompile>
    <ClCompile Include="..\tinet\tinet\netinet6\frag6.c">
      <Filter>ソース ファイル</Filter>
    </ClCompile>
    <ClCompile Include="..\tinet\tinet\netinet6\icmp6.c">
      <Filter>ソース ファイル</Filter>
    </ClCompile>
    <ClCompile Include="..\tinet\tinet\netinet6\if6_ether.c">
      <Filter>ソース ファイル</Filter>
    </ClCompile>
    <ClCompile Include="..\tinet\tinet\netinet6\in6.c">
      <Filter>ソース ファイル</Filter>
    </ClCompile>
    <ClCompile Include="..\tinet\tinet\netinet6\in6_ifattach.c">
      <Filter>ソース ファイル</Filter>
    </ClCompile>
    <ClCompile Include="..\tinet\tinet\netinet6\in6_subr.c">
      <Filter>ソース ファイル</Filter>
    </ClCompile>
    <ClCompile Include="..\tinet\tinet\netinet\udp_usrreq.c">
      <Filter>ソース ファイル</Filter>
    </ClCompile>
    <ClCompile Include="..\tinet\tinet\netinet\udp_usrreq_nblk.c">
      <Filter>ソース ファイル</Filter>
    </ClCompile>
    <ClCompile Include="..\tinet\tinet\netinet\udpn_input.c">
      <Filter>ソース ファイル</Filter>
    </ClCompile>
    <ClCompile Include="..\tinet\tinet\netinet\udpn_output.c">
      <Filter>ソース ファイル</Filter>
    </ClCompile>
    <ClCompile Include="..\tinet\tinet\netinet\udpn_subr.c">
      <Filter>ソース ファイル</Filter>
    </ClCompile>
    <ClCompile Include="..\tinet\tinet\netinet\udpn_usrreq.c">
      <Filter>ソース ファイル</Filter>
    </ClCompile>
    <ClCompile Include="..\tinet\tinet\netinet\udpn_usrreq_nblk.c">
      <Filter>ソース ファイル</Filter>
    </ClCompile>
    <ClCompile Include="..\tinet\tinet\netinet\ip_input.c">
      <Filter>ソース ファイル</Filter>
    </ClCompile>
    <ClCompile Include="..\tinet\tinet\netinet\ip_output.c">
      <Filter>ソース ファイル</Filter>
    </ClCompile>
    <ClCompile Include="..\tinet\tinet\netinet\tcp_input.c">
      <Filter>ソース ファイル</Filter>
    </ClCompile>
    <ClCompile Include="..\tinet\tinet\netinet\tcp_output.c">
      <Filter>ソース ファイル</Filter>
    </ClCompile>
    <ClCompile Include="..\tinet\tinet\netinet\tcp_subr.c">
      <Filter>ソース ファイル</Filter>
    </ClCompile>
    <ClCompile Include="..\tinet\tinet\netinet\tcp_subr_cs.c">
      <Filter>ソース ファイル</Filter>
    </ClCompile>
    <ClCompile Include="..\tinet\tinet\netinet\tcp_subr_ncs.c">
      <Filter>ソース ファイル</Filter>
    </ClCompile>
    <ClCompile Include="..\tinet\tinet\netinet\tcp_timer.c">
      <Filter>ソース ファイル</Filter>
    </ClCompile>
    <ClCompile Include="..\tinet\tinet\netinet\tcp_usrreq.c">
      <Filter>ソース ファイル</Filter>
    </ClCompile>
    <ClCompile Include="..\tinet\tinet\netinet\tcpn_usrreq.c">
      <Filter>ソース ファイル</Filter>
    </ClCompile>
    <ClCompile Include="..\tinet\tinet\netinet\udp_input.c">
      <Filter>ソース ファイル</Filter>
    </ClCompile>
    <ClCompile Include="..\tinet\tinet\netinet\udp_output.c">
      <Filter>ソース ファイル</Filter>
    </ClCompile>
    <ClCompile Include="..\tinet\tinet\netinet\udp_subr.c">
      <Filter>ソース ファイル</Filter>
    </ClCompile>
    <ClCompile Include="..\tinet\tinet\netinet\udp4_input.c">
      <Filter>ソース ファイル</Filter>
    </ClCompile>
    <ClCompile Include="..\tinet\tinet\netinet\udp4_subr.c">
      <Filter>ソース ファイル</Filter>
    </ClCompile>
    <ClCompile Include="..\tinet\tinet\netinet\if_ether.c">
      <Filter>ソース ファイル</Filter>
    </ClCompile>
    <ClCompile Include="..\tinet\tinet\netinet\in_subr.c">
      <Filter>ソース ファイル</Filter>
    </ClCompile>
    <ClCompile Include="..\tinet\tinet\netinet\in4_subr.c">
      <Filter>ソース ファイル</Filter>
    </ClCompile>
    <ClCompile Include="..\tinet\tinet\netinet\ip_icmp.c">
      <Filter>ソース ファイル</Filter>
    </ClCompile>
    <ClCompile Include="..\tinet\tinet\net\ppp_auth.c">
      <Filter>ソース ファイル</Filter>
    </ClCompile>
    <ClCompile Include="..\tinet\tinet\net\ppp_ccp.c">
      <Filter>ソース ファイル</Filter>
    </ClCompile>
    <ClCompile Include="..\tinet\tinet\net\ppp_fsm.c">
      <Filter>ソース ファイル</Filter>
    </ClCompile>
    <ClCompile Include="..\tinet\tinet\net\ppp_hdlc.c">
      <Filter>ソース ファイル</Filter>
    </ClCompile>
    <ClCompile Include="..\tinet\tinet\net\ppp_ipcp.c">
      <Filter>ソース ファイル</Filter>
    </ClCompile>
    <ClCompile Include="..\tinet\tinet\net\ppp_ipv6cp.c">
      <Filter>ソース ファイル</Filter>
    </ClCompile>
    <ClCompile Include="..\tinet\tinet\net\ppp_lcp.c">
      <Filter>ソース ファイル</Filter>
    </ClCompile>
    <ClCompile Include="..\tinet\tinet\net\ppp_modem.c">
      <Filter>ソース ファイル</Filter>
    </ClCompile>
    <ClCompile Include="..\tinet\tinet\net\ppp_upap.c">
      <Filter>ソース ファイル</Filter>
    </ClCompile>
    <ClCompile Include="..\tinet\tinet\net\if_loop.c">
      <Filter>ソース ファイル</Filter>
    </ClCompile>
    <ClCompile Include="..\tinet\tinet\net\net_buf.c">
      <Filter>ソース ファイル</Filter>
    </ClCompile>
    <ClCompile Include="..\tinet\tinet\net\net_count.c">
      <Filter>ソース ファイル</Filter>
    </ClCompile>
    <ClCompile Include="..\tinet\tinet\net\net_subr.c">
      <Filter>ソース ファイル</Filter>
    </ClCompile>
    <ClCompile Include="..\tinet\tinet\net\net_timer.c">
      <Filter>ソース ファイル</Filter>
    </ClCompile>
    <ClCompile Include="..\tinet\tinet\net\ppp.c">
      <Filter>ソース ファイル</Filter>
    </ClCompile>
    <ClCompile Include="..\tinet\tinet\net\ethernet.c">
      <Filter>ソース ファイル</Filter>
    </ClCompile>
    <ClCompile Include="..\tinet\tinet\net\fcstab.c">
      <Filter>ソース ファイル</Filter>
    </ClCompile>
    <ClCompile Include="..\tinet\tinet\net\genfcstab.c">
      <Filter>ソース ファイル</Filter>
    </ClCompile>
    <ClCompile Include="..\tinet\tinet\net\if.c">
      <Filter>ソース ファイル</Filter>
    </ClCompile>
    <ClCompile Include="tinet_cfg.c">
      <Filter>ソース ファイル</Filter>
    </ClCompile>
    <ClCompile Include="route_cfg.c">
      <Filter>ソース ファイル</Filter>
    </ClCompile>
    <ClCompile Include="..\asp\library\strerror.c">
      <Filter>ソース ファイル</Filter>
    </ClCompile>
    <ClCompile Include="kernel_cfg.c">
      <Filter>ソース ファイル</Filter>
    </ClCompile>
    <ClCompile Include="..\asp\library\vasyslog.c">
      <Filter>ソース ファイル</Filter>
    </ClCompile>
    <ClCompile Include="..\asp\kernel\task.c">
      <Filter>ソース ファイル</Filter>
    </ClCompile>
    <ClCompile Include="..\asp\kernel\time_event.c">
      <Filter>ソース ファイル</Filter>
    </ClCompile>
    <ClCompile Include="..\asp\kernel\wait.c">
      <Filter>ソース ファイル</Filter>
    </ClCompile>
    <ClCompile Include="..\asp\kernel\task_term.c">
      <Filter>ソース ファイル</Filter>
    </ClCompile>
    <ClCompile Include="..\asp\kernel\time_manage.c">
      <Filter>ソース ファイル</Filter>
    </ClCompile>
    <ClCompile Include="..\asp\kernel\startup.c">
      <Filter>ソース ファイル</Filter>
    </ClCompile>
    <ClCompile Include="..\asp\kernel\sys_manage.c">
      <Filter>ソース ファイル</Filter>
    </ClCompile>
    <ClCompile Include="..\asp\kernel\task_manage.c">
      <Filter>ソース ファイル</Filter>
    </ClCompile>
    <ClCompile Include="..\asp\kernel\task_refer.c">
      <Filter>ソース ファイル</Filter>
    </ClCompile>
    <ClCompile Include="..\asp\kernel\task_sync.c">
      <Filter>ソース ファイル</Filter>
    </ClCompile>
    <ClCompile Include="..\asp\kernel\overrun.c">
      <Filter>ソース ファイル</Filter>
    </ClCompile>
    <ClCompile Include="..\asp\kernel\pridataq.c">
      <Filter>ソース ファイル</Filter>
    </ClCompile>
    <ClCompile Include="..\asp\kernel\semaphore.c">
      <Filter>ソース ファイル</Filter>
    </ClCompile>
    <ClCompile Include="..\asp\kernel\mutex.c">
      <Filter>ソース ファイル</Filter>
    </ClCompile>
    <ClCompile Include="..\asp\kernel\mempfix.c">
      <Filter>ソース ファイル</Filter>
    </ClCompile>
    <ClCompile Include="..\asp\kernel\dataqueue.c">
      <Filter>ソース ファイル</Filter>
    </ClCompile>
    <ClCompile Include="..\asp\kernel\eventflag.c">
      <Filter>ソース ファイル</Filter>
    </ClCompile>
    <ClCompile Include="..\asp\kernel\interrupt.c">
      <Filter>ソース ファイル</Filter>
    </ClCompile>
    <ClCompile Include="..\asp\kernel\cyclic.c">
      <Filter>ソース ファイル</Filter>
    </ClCompile>
    <ClCompile Include="..\asp\kernel\alarm.c">
      <Filter>ソース ファイル</Filter>
    </ClCompile>
    <ClCompile Include="..\asp\kernel\exception.c">
      <Filter>ソース ファイル</Filter>
    </ClCompile>
    <ClCompile Include="..\asp\kernel\taskhook.c">
      <Filter>ソース ファイル</Filter>
    </ClCompile>
    <ClCompile Include="..\asp\target\sim\target_kernel_impl.c">
      <Filter>ソース ファイル</Filter>
    </ClCompile>
    <ClCompile Include="..\asp\target\sim\target_timer.c">
      <Filter>ソース ファイル</Filter>
    </ClCompile>
  </ItemGroup>
  <ItemGroup>
    <ClInclude Include="main.h">
      <Filter>ヘッダー ファイル</Filter>
    </ClInclude>
    <ClInclude Include="..\asp\include\t_stddef.h">
      <Filter>ヘッダー ファイル</Filter>
    </ClInclude>
    <ClInclude Include="..\tinet\tinet\tinet_config.h">
      <Filter>ヘッダー ファイル</Filter>
    </ClInclude>
    <ClInclude Include="..\tinet\tinet\tinet_defs.h">
      <Filter>ヘッダー ファイル</Filter>
    </ClInclude>
    <ClInclude Include="..\tinet\tinet\tinet_kernel_defs.h">
      <Filter>ヘッダー ファイル</Filter>
    </ClInclude>
    <ClInclude Include="..\tinet\tinet\netinet6\ip6_var.h">
      <Filter>ヘッダー ファイル</Filter>
    </ClInclude>
    <ClInclude Include="..\tinet\tinet\netinet6\nd6.h">
      <Filter>ヘッダー ファイル</Filter>
    </ClInclude>
    <ClInclude Include="..\tinet\tinet\netinet6\ah.h">
      <Filter>ヘッダー ファイル</Filter>
    </ClInclude>
    <ClInclude Include="..\tinet\tinet\netinet6\ah6.h">
      <Filter>ヘッダー ファイル</Filter>
    </ClInclude>
    <ClInclude Include="..\tinet\tinet\netinet6\esp.h">
      <Filter>ヘッダー ファイル</Filter>
    </ClInclude>
    <ClInclude Include="..\tinet\tinet\netinet6\esp6.h">
      <Filter>ヘッダー ファイル</Filter>
    </ClInclude>
    <ClInclude Include="..\tinet\tinet\netinet6\if6_ether.h">
      <Filter>ヘッダー ファイル</Filter>
    </ClInclude>
    <ClInclude Include="..\tinet\tinet\netinet6\in6.h">
      <Filter>ヘッダー ファイル</Filter>
    </ClInclude>
    <ClInclude Include="..\tinet\tinet\netinet6\in6_ifattach.h">
      <Filter>ヘッダー ファイル</Filter>
    </ClInclude>
    <ClInclude Include="..\tinet\tinet\netinet6\in6_rename.h">
      <Filter>ヘッダー ファイル</Filter>
    </ClInclude>
    <ClInclude Include="..\tinet\tinet\netinet6\in6_var.h">
      <Filter>ヘッダー ファイル</Filter>
    </ClInclude>
    <ClInclude Include="..\tinet\tinet\netinet\udp_var.h">
      <Filter>ヘッダー ファイル</Filter>
    </ClInclude>
    <ClInclude Include="..\tinet\tinet\netinet\ip_var.h">
      <Filter>ヘッダー ファイル</Filter>
    </ClInclude>
    <ClInclude Include="..\tinet\tinet\netinet\tcp.h">
      <Filter>ヘッダー ファイル</Filter>
    </ClInclude>
    <ClInclude Include="..\tinet\tinet\netinet\tcp_fsm.h">
      <Filter>ヘッダー ファイル</Filter>
    </ClInclude>
    <ClInclude Include="..\tinet\tinet\netinet\tcp_seq.h">
      <Filter>ヘッダー ファイル</Filter>
    </ClInclude>
    <ClInclude Include="..\tinet\tinet\netinet\tcp_timer.h">
      <Filter>ヘッダー ファイル</Filter>
    </ClInclude>
    <ClInclude Include="..\tinet\tinet\netinet\tcp_var.h">
      <Filter>ヘッダー ファイル</Filter>
    </ClInclude>
    <ClInclude Include="..\tinet\tinet\netinet\udp.h">
      <Filter>ヘッダー ファイル</Filter>
    </ClInclude>
    <ClInclude Include="..\tinet\tinet\netinet\icmp_var.h">
      <Filter>ヘッダー ファイル</Filter>
    </ClInclude>
    <ClInclude Include="..\tinet\tinet\netinet\icmp6.h">
      <Filter>ヘッダー ファイル</Filter>
    </ClInclude>
    <ClInclude Include="..\tinet\tinet\netinet\if_ether.h">
      <Filter>ヘッダー ファイル</Filter>
    </ClInclude>
    <ClInclude Include="..\tinet\tinet\netinet\in.h">
      <Filter>ヘッダー ファイル</Filter>
    </ClInclude>
    <ClInclude Include="..\tinet\tinet\netinet\in_itron.h">
      <Filter>ヘッダー ファイル</Filter>
    </ClInclude>
    <ClInclude Include="..\tinet\tinet\netinet\in_rename.h">
      <Filter>ヘッダー ファイル</Filter>
    </ClInclude>
    <ClInclude Include="..\tinet\tinet\netinet\in_var.h">
      <Filter>ヘッダー ファイル</Filter>
    </ClInclude>
    <ClInclude Include="..\tinet\tinet\netinet\in4.h">
      <Filter>ヘッダー ファイル</Filter>
    </ClInclude>
    <ClInclude Include="..\tinet\tinet\netinet\in4_var.h">
      <Filter>ヘッダー ファイル</Filter>
    </ClInclude>
    <ClInclude Include="..\tinet\tinet\netinet\ip.h">
      <Filter>ヘッダー ファイル</Filter>
    </ClInclude>
    <ClInclude Include="..\tinet\tinet\netinet\ip_icmp.h">
      <Filter>ヘッダー ファイル</Filter>
    </ClInclude>
    <ClInclude Include="..\tinet\tinet\netinet\ip4_var.h">
      <Filter>ヘッダー ファイル</Filter>
    </ClInclude>
    <ClInclude Include="..\tinet\tinet\netinet\ip6.h">
      <Filter>ヘッダー ファイル</Filter>
    </ClInclude>
    <ClInclude Include="..\asp\tinet\netdev\if_rx62n\ether_phy.h">
      <Filter>ヘッダー ファイル</Filter>
    </ClInclude>
    <ClInclude Include="..\asp\tinet\netdev\if_rx62n\if_rx62n.h">
      <Filter>ヘッダー ファイル</Filter>
    </ClInclude>
    <ClInclude Include="..\asp\tinet\netdev\if_rx62n\if_rx62nreg.h">
      <Filter>ヘッダー ファイル</Filter>
    </ClInclude>
    <ClInclude Include="..\asp\tinet\netdev\if_rx62n\nic_rename.h">
      <Filter>ヘッダー ファイル</Filter>
    </ClInclude>
    <ClInclude Include="..\asp\tinet\netdev\if_rx62n\tinet_nic_config.h">
      <Filter>ヘッダー ファイル</Filter>
    </ClInclude>
    <ClInclude Include="..\asp\tinet\netdev\if_rx62n\tinet_nic_defs.h">
      <Filter>ヘッダー ファイル</Filter>
    </ClInclude>
    <ClInclude Include="..\tinet\tinet\net\ppp.h">
      <Filter>ヘッダー ファイル</Filter>
    </ClInclude>
    <ClInclude Include="..\tinet\tinet\net\ppp_auth.h">
      <Filter>ヘッダー ファイル</Filter>
    </ClInclude>
    <ClInclude Include="..\tinet\tinet\net\ppp_ccp.h">
      <Filter>ヘッダー ファイル</Filter>
    </ClInclude>
    <ClInclude Include="..\tinet\tinet\net\ppp_fsm.h">
      <Filter>ヘッダー ファイル</Filter>
    </ClInclude>
    <ClInclude Include="..\tinet\tinet\net\ppp_hdlc.h">
      <Filter>ヘッダー ファイル</Filter>
    </ClInclude>
    <ClInclude Include="..\tinet\tinet\net\ppp_ipcp.h">
      <Filter>ヘッダー ファイル</Filter>
    </ClInclude>
    <ClInclude Include="..\tinet\tinet\net\ppp_ipv6cp.h">
      <Filter>ヘッダー ファイル</Filter>
    </ClInclude>
    <ClInclude Include="..\tinet\tinet\net\ppp_lcp.h">
      <Filter>ヘッダー ファイル</Filter>
    </ClInclude>
    <ClInclude Include="..\tinet\tinet\net\ppp_modem.h">
      <Filter>ヘッダー ファイル</Filter>
    </ClInclude>
    <ClInclude Include="..\tinet\tinet\net\ppp_upap.h">
      <Filter>ヘッダー ファイル</Filter>
    </ClInclude>
    <ClInclude Include="..\tinet\tinet\net\ppp_var.h">
      <Filter>ヘッダー ファイル</Filter>
    </ClInclude>
    <ClInclude Include="..\tinet\tinet\net\route.h">
      <Filter>ヘッダー ファイル</Filter>
    </ClInclude>
    <ClInclude Include="..\tinet\tinet\net\tinet.h">
      <Filter>ヘッダー ファイル</Filter>
    </ClInclude>
    <ClInclude Include="..\tinet\tinet\net\if_arp.h">
      <Filter>ヘッダー ファイル</Filter>
    </ClInclude>
    <ClInclude Include="..\tinet\tinet\net\if_llc.h">
      <Filter>ヘッダー ファイル</Filter>
    </ClInclude>
    <ClInclude Include="..\tinet\tinet\net\if_loop.h">
      <Filter>ヘッダー ファイル</Filter>
    </ClInclude>
    <ClInclude Include="..\tinet\tinet\net\if_ppp.h">
      <Filter>ヘッダー ファイル</Filter>
    </ClInclude>
    <ClInclude Include="..\tinet\tinet\net\if_types.h">
      <Filter>ヘッダー ファイル</Filter>
    </ClInclude>
    <ClInclude Include="..\tinet\tinet\net\if_var.h">
      <Filter>ヘッダー ファイル</Filter>
    </ClInclude>
    <ClInclude Include="..\tinet\tinet\net\if6_var.h">
      <Filter>ヘッダー ファイル</Filter>
    </ClInclude>
    <ClInclude Include="..\tinet\tinet\net\net.h">
      <Filter>ヘッダー ファイル</Filter>
    </ClInclude>
    <ClInclude Include="..\tinet\tinet\net\net_buf.h">
      <Filter>ヘッダー ファイル</Filter>
    </ClInclude>
    <ClInclude Include="..\tinet\tinet\net\net_count.h">
      <Filter>ヘッダー ファイル</Filter>
    </ClInclude>
    <ClInclude Include="..\tinet\tinet\net\net_endian.h">
      <Filter>ヘッダー ファイル</Filter>
    </ClInclude>
    <ClInclude Include="..\tinet\tinet\net\net_rename.h">
      <Filter>ヘッダー ファイル</Filter>
    </ClInclude>
    <ClInclude Include="..\tinet\tinet\net\net_timer.h">
      <Filter>ヘッダー ファイル</Filter>
    </ClInclude>
    <ClInclude Include="..\tinet\tinet\net\net_var.h">
      <Filter>ヘッダー ファイル</Filter>
    </ClInclude>
    <ClInclude Include="..\tinet\tinet\net\ether_var.h">
      <Filter>ヘッダー ファイル</Filter>
    </ClInclude>
    <ClInclude Include="..\tinet\tinet\net\ethernet.h">
      <Filter>ヘッダー ファイル</Filter>
    </ClInclude>
    <ClInclude Include="..\tinet\tinet\net\if.h">
      <Filter>ヘッダー ファイル</Filter>
    </ClInclude>
    <ClInclude Include="..\asp\include\kernel.h">
      <Filter>ヘッダー ファイル</Filter>
    </ClInclude>
    <ClInclude Include="..\asp\include\log_output.h">
      <Filter>ヘッダー ファイル</Filter>
    </ClInclude>
    <ClInclude Include="..\asp\include\queue.h">
      <Filter>ヘッダー ファイル</Filter>
    </ClInclude>
    <ClInclude Include="..\asp\include\sil.h">
      <Filter>ヘッダー ファイル</Filter>
    </ClInclude>
    <ClInclude Include="..\asp\include\t_stdlib.h">
      <Filter>ヘッダー ファイル</Filter>
    </ClInclude>
    <ClInclude Include="..\asp\include\t_syslog.h">
      <Filter>ヘッダー ファイル</Filter>
    </ClInclude>
    <ClInclude Include="..\asp\include\itron.h">
      <Filter>ヘッダー ファイル</Filter>
    </ClInclude>
    <ClInclude Include="..\asp\kernel\alarm.h">
      <Filter>ヘッダー ファイル</Filter>
    </ClInclude>
    <ClInclude Include="..\asp\kernel\allfunc.h">
      <Filter>ヘッダー ファイル</Filter>
    </ClInclude>
    <ClInclude Include="..\asp\kernel\check.h">
      <Filter>ヘッダー ファイル</Filter>
    </ClInclude>
    <ClInclude Include="..\asp\kernel\cyclic.h">
      <Filter>ヘッダー ファイル</Filter>
    </ClInclude>
    <ClInclude Include="..\asp\kernel\dataqueue.h">
      <Filter>ヘッダー ファイル</Filter>
    </ClInclude>
    <ClInclude Include="..\asp\kernel\eventflag.h">
      <Filter>ヘッダー ファイル</Filter>
    </ClInclude>
    <ClInclude Include="..\asp\kernel\exception.h">
      <Filter>ヘッダー ファイル</Filter>
    </ClInclude>
    <ClInclude Include="..\asp\kernel\interrupt.h">
      <Filter>ヘッダー ファイル</Filter>
    </ClInclude>
    <ClInclude Include="..\asp\kernel\kernel_impl.h">
      <Filter>ヘッダー ファイル</Filter>
    </ClInclude>
    <ClInclude Include="..\asp\kernel\kernel_int.h">
      <Filter>ヘッダー ファイル</Filter>
    </ClInclude>
    <ClInclude Include="..\asp\kernel\mempfix.h">
      <Filter>ヘッダー ファイル</Filter>
    </ClInclude>
    <ClInclude Include="..\asp\kernel\mutex.h">
      <Filter>ヘッダー ファイル</Filter>
    </ClInclude>
    <ClInclude Include="..\asp\kernel\overrun.h">
      <Filter>ヘッダー ファイル</Filter>
    </ClInclude>
    <ClInclude Include="..\asp\kernel\pridataq.h">
      <Filter>ヘッダー ファイル</Filter>
    </ClInclude>
    <ClInclude Include="..\asp\kernel\semaphore.h">
      <Filter>ヘッダー ファイル</Filter>
    </ClInclude>
    <ClInclude Include="..\asp\kernel\task.h">
      <Filter>ヘッダー ファイル</Filter>
    </ClInclude>
    <ClInclude Include="..\asp\kernel\taskhook.h">
      <Filter>ヘッダー ファイル</Filter>
    </ClInclude>
    <ClInclude Include="..\asp\kernel\time_event.h">
      <Filter>ヘッダー ファイル</Filter>
    </ClInclude>
    <ClInclude Include="..\asp\kernel\wait.h">
      <Filter>ヘッダー ファイル</Filter>
    </ClInclude>
    <ClInclude Include="kernel_cfg.h">
      <Filter>ヘッダー ファイル</Filter>
    </ClInclude>
    <ClInclude Include="tinet_app_config.h">
      <Filter>ヘッダー ファイル</Filter>
    </ClInclude>
    <ClInclude Include="tinet_cfg.h">
      <Filter>ヘッダー ファイル</Filter>
    </ClInclude>
    <ClInclude Include="..\asp\kernel\kernel_unrename.h">
      <Filter>ヘッダー ファイル</Filter>
    </ClInclude>
    <ClInclude Include="..\asp\kernel\kernel_rename.h">
      <Filter>ヘッダー ファイル</Filter>
    </ClInclude>
    <ClInclude Include="..\asp\target\sim\dummy.h">
      <Filter>ヘッダー ファイル</Filter>
    </ClInclude>
    <ClInclude Include="..\asp\target\sim\prc_rename.h">
      <Filter>ヘッダー ファイル</Filter>
    </ClInclude>
    <ClInclude Include="..\asp\target\sim\prc_unrename.h">
      <Filter>ヘッダー ファイル</Filter>
    </ClInclude>
    <ClInclude Include="..\asp\target\sim\target_kernel.h">
      <Filter>ヘッダー ファイル</Filter>
    </ClInclude>
    <ClInclude Include="..\asp\target\sim\target_kernel_impl.h">
      <Filter>ヘッダー ファイル</Filter>
    </ClInclude>
    <ClInclude Include="..\asp\target\sim\target_rename.h">
      <Filter>ヘッダー ファイル</Filter>
    </ClInclude>
    <ClInclude Include="..\asp\target\sim\target_sil.h">
      <Filter>ヘッダー ファイル</Filter>
    </ClInclude>
    <ClInclude Include="..\asp\target\sim\target_stddef.h">
      <Filter>ヘッダー ファイル</Filter>
    </ClInclude>
    <ClInclude Include="..\asp\target\sim\target_timer.h">
      <Filter>ヘッダー ファイル</Filter>
    </ClInclude>
    <ClInclude Include="..\asp\target\sim\target_unrename.h">
      <Filter>ヘッダー ファイル</Filter>
    </ClInclude>
    <ClInclude Include="..\asp\target\sim\tinet_target_config.h">
      <Filter>ヘッダー ファイル</Filter>
    </ClInclude>
    <ClInclude Include="..\asp\target\sim\tinet_target_defs.h">
      <Filter>ヘッダー ファイル</Filter>
    </ClInclude>
    <ClInclude Include="dummy.h">
      <Filter>ヘッダー ファイル</Filter>
    </ClInclude>
  </ItemGroup>
</Project>